
Microsoft Visual Studio Solution File, Format Version 12.00
# Visual Studio Version 17
VisualStudioVersion = 17.0.32112.339
MinimumVisualStudioVersion = 10.0.40219.1
Project("{2150E333-8FDC-42A3-9474-1A3956D46DE8}") = "documentation", "documentation", "{62C73365-06A1-4117-9C56-B12D194D8872}"
EndProject
Project("{2150E333-8FDC-42A3-9474-1A3956D46DE8}") = "source", "source", "{B7658981-1981-4B1A-BF8E-FCBD3D122604}"
EndProject
Project("{2150E333-8FDC-42A3-9474-1A3956D46DE8}") = "Solution Items", "Solution Items", "{45AB02E7-9BBA-44D3-B087-622E647FFBFC}"
	ProjectSection(SolutionItems) = preProject
		.gitignore = .gitignore
		README.md = README.md
	EndProjectSection
EndProject
Project("{2150E333-8FDC-42A3-9474-1A3956D46DE8}") = "services", "services", "{E2AC1F36-53B9-4BCF-A88B-22DC21A1FC1A}"
EndProject
Project("{2150E333-8FDC-42A3-9474-1A3956D46DE8}") = "Catalog", "Catalog", "{9226D866-14E2-43C8-A7B5-A255BED7E9B8}"
EndProject
Project("{9A19103F-16F7-4668-BE54-9A1E7A4F7556}") = "Catalog.API", "source\services\Catalog\Catalog.API\Catalog.API.csproj", "{CB85307E-A3EB-4479-831E-1A39C93D407D}"
EndProject
Project("{2150E333-8FDC-42A3-9474-1A3956D46DE8}") = "starterfiles", "starterfiles", "{4B7FACE8-7F25-4D02-8973-FEB1AED42556}"
	ProjectSection(SolutionItems) = preProject
		documentation\starterfiles\Basket.API.MD = documentation\starterfiles\Basket.API.MD
		documentation\starterfiles\Catalog.API.MD = documentation\starterfiles\Catalog.API.MD
		documentation\starterfiles\the-shop-solution-codemap.dgml = documentation\starterfiles\the-shop-solution-codemap.dgml
	EndProjectSection
EndProject
Project("{9A19103F-16F7-4668-BE54-9A1E7A4F7556}") = "Catalog.Core", "source\services\Catalog\Catalog.Core\Catalog.Core.csproj", "{C6711EF2-656A-44FD-A8D2-2C22A3A27C06}"
EndProject
Project("{9A19103F-16F7-4668-BE54-9A1E7A4F7556}") = "Catalog.Data", "source\services\Catalog\Catalog.Data\Catalog.Data.csproj", "{817E920C-0A49-4545-ACC1-DD9A2BF34EB7}"
EndProject
Project("{9A19103F-16F7-4668-BE54-9A1E7A4F7556}") = "Catalog.Repository", "source\services\Catalog\Catalog.Repository\Catalog.Repository.csproj", "{9E0BF858-EF23-47AD-B598-4771B9501392}"
EndProject
Project("{9A19103F-16F7-4668-BE54-9A1E7A4F7556}") = "Catalog.Infrastructure", "source\services\Catalog\Catalog.Infrastructure\Catalog.Infrastructure.csproj", "{2E67936B-6125-4E55-9F91-754EF8FC29AC}"
EndProject
Project("{2150E333-8FDC-42A3-9474-1A3956D46DE8}") = "images", "images", "{B4F9A490-2CD0-46FD-ABA1-831E637B4927}"
	ProjectSection(SolutionItems) = preProject
		documentation\images\Docker_Inspect_For_IP.PNG = documentation\images\Docker_Inspect_For_IP.PNG
	EndProjectSection
EndProject
Project("{E53339B2-1760-4266-BCC7-CA923CBCF16C}") = "docker-compose", "docker-compose.dcproj", "{B1C7592E-04BB-40E0-9935-E5352715FC7B}"
EndProject
Project("{2150E333-8FDC-42A3-9474-1A3956D46DE8}") = "Basket", "Basket", "{E0504EB6-0CEF-4BDE-BD77-B5B4853F8EB4}"
EndProject
Project("{9A19103F-16F7-4668-BE54-9A1E7A4F7556}") = "Basket.API", "source\services\Basket\Basket.API\Basket.API.csproj", "{0A7F183C-45A1-4E61-9B3D-B94EB4FD2B35}"
EndProject
Project("{2150E333-8FDC-42A3-9474-1A3956D46DE8}") = "webapps", "webapps", "{4FCE3927-EEF6-441A-BBC1-8953EB6398B6}"
EndProject
Project("{9A19103F-16F7-4668-BE54-9A1E7A4F7556}") = "TheShop.RazorWeb", "source\webapps\TheShop.RazorWeb\TheShop.RazorWeb.csproj", "{9A9A8E11-24B1-4300-A489-65B79E960FE1}"
EndProject
Project("{9A19103F-16F7-4668-BE54-9A1E7A4F7556}") = "TheShop.WebStatus", "source\webapps\TheShop.WebStatus\TheShop.WebStatus.csproj", "{5AE568DF-FB38-46ED-83FA-553AE845BB0C}"
EndProject
Project("{9A19103F-16F7-4668-BE54-9A1E7A4F7556}") = "Basket.Core", "source\services\Basket\Basket.Core\Basket.Core.csproj", "{CE8DC6A7-5721-4CE3-B192-604CA8A47A3A}"
EndProject
Project("{9A19103F-16F7-4668-BE54-9A1E7A4F7556}") = "Basket.Repository", "source\services\Basket\Basket.Repository\Basket.Repository.csproj", "{DB14896B-7DE3-4C73-A4EC-D9D36E303BAC}"
EndProject
Project("{FAE04EC0-301F-11D3-BF4B-00C04F79EFBC}") = "Basket.Infrastructure", "source\services\Basket\Basket.Infrastructure\Basket.Infrastructure.csproj", "{5E3BF73E-BEF1-4FE8-95C5-22D339757E65}"
EndProject
Global
	GlobalSection(SolutionConfigurationPlatforms) = preSolution
		Debug|Any CPU = Debug|Any CPU
		Release|Any CPU = Release|Any CPU
	EndGlobalSection
	GlobalSection(ProjectConfigurationPlatforms) = postSolution
		{CB85307E-A3EB-4479-831E-1A39C93D407D}.Debug|Any CPU.ActiveCfg = Debug|Any CPU
		{CB85307E-A3EB-4479-831E-1A39C93D407D}.Debug|Any CPU.Build.0 = Debug|Any CPU
		{CB85307E-A3EB-4479-831E-1A39C93D407D}.Release|Any CPU.ActiveCfg = Release|Any CPU
		{CB85307E-A3EB-4479-831E-1A39C93D407D}.Release|Any CPU.Build.0 = Release|Any CPU
		{C6711EF2-656A-44FD-A8D2-2C22A3A27C06}.Debug|Any CPU.ActiveCfg = Debug|Any CPU
		{C6711EF2-656A-44FD-A8D2-2C22A3A27C06}.Debug|Any CPU.Build.0 = Debug|Any CPU
		{C6711EF2-656A-44FD-A8D2-2C22A3A27C06}.Release|Any CPU.ActiveCfg = Release|Any CPU
		{C6711EF2-656A-44FD-A8D2-2C22A3A27C06}.Release|Any CPU.Build.0 = Release|Any CPU
		{817E920C-0A49-4545-ACC1-DD9A2BF34EB7}.Debug|Any CPU.ActiveCfg = Debug|Any CPU
		{817E920C-0A49-4545-ACC1-DD9A2BF34EB7}.Debug|Any CPU.Build.0 = Debug|Any CPU
		{817E920C-0A49-4545-ACC1-DD9A2BF34EB7}.Release|Any CPU.ActiveCfg = Release|Any CPU
		{817E920C-0A49-4545-ACC1-DD9A2BF34EB7}.Release|Any CPU.Build.0 = Release|Any CPU
		{9E0BF858-EF23-47AD-B598-4771B9501392}.Debug|Any CPU.ActiveCfg = Debug|Any CPU
		{9E0BF858-EF23-47AD-B598-4771B9501392}.Debug|Any CPU.Build.0 = Debug|Any CPU
		{9E0BF858-EF23-47AD-B598-4771B9501392}.Release|Any CPU.ActiveCfg = Release|Any CPU
		{9E0BF858-EF23-47AD-B598-4771B9501392}.Release|Any CPU.Build.0 = Release|Any CPU
		{2E67936B-6125-4E55-9F91-754EF8FC29AC}.Debug|Any CPU.ActiveCfg = Debug|Any CPU
		{2E67936B-6125-4E55-9F91-754EF8FC29AC}.Debug|Any CPU.Build.0 = Debug|Any CPU
		{2E67936B-6125-4E55-9F91-754EF8FC29AC}.Release|Any CPU.ActiveCfg = Release|Any CPU
		{2E67936B-6125-4E55-9F91-754EF8FC29AC}.Release|Any CPU.Build.0 = Release|Any CPU
		{B1C7592E-04BB-40E0-9935-E5352715FC7B}.Debug|Any CPU.ActiveCfg = Debug|Any CPU
		{B1C7592E-04BB-40E0-9935-E5352715FC7B}.Debug|Any CPU.Build.0 = Debug|Any CPU
		{B1C7592E-04BB-40E0-9935-E5352715FC7B}.Release|Any CPU.ActiveCfg = Release|Any CPU
		{B1C7592E-04BB-40E0-9935-E5352715FC7B}.Release|Any CPU.Build.0 = Release|Any CPU
		{0A7F183C-45A1-4E61-9B3D-B94EB4FD2B35}.Debug|Any CPU.ActiveCfg = Debug|Any CPU
		{0A7F183C-45A1-4E61-9B3D-B94EB4FD2B35}.Debug|Any CPU.Build.0 = Debug|Any CPU
		{0A7F183C-45A1-4E61-9B3D-B94EB4FD2B35}.Release|Any CPU.ActiveCfg = Release|Any CPU
		{0A7F183C-45A1-4E61-9B3D-B94EB4FD2B35}.Release|Any CPU.Build.0 = Release|Any CPU
		{9A9A8E11-24B1-4300-A489-65B79E960FE1}.Debug|Any CPU.ActiveCfg = Debug|Any CPU
		{9A9A8E11-24B1-4300-A489-65B79E960FE1}.Debug|Any CPU.Build.0 = Debug|Any CPU
		{9A9A8E11-24B1-4300-A489-65B79E960FE1}.Release|Any CPU.ActiveCfg = Release|Any CPU
		{9A9A8E11-24B1-4300-A489-65B79E960FE1}.Release|Any CPU.Build.0 = Release|Any CPU
		{5AE568DF-FB38-46ED-83FA-553AE845BB0C}.Debug|Any CPU.ActiveCfg = Debug|Any CPU
		{5AE568DF-FB38-46ED-83FA-553AE845BB0C}.Debug|Any CPU.Build.0 = Debug|Any CPU
		{5AE568DF-FB38-46ED-83FA-553AE845BB0C}.Release|Any CPU.ActiveCfg = Release|Any CPU
		{5AE568DF-FB38-46ED-83FA-553AE845BB0C}.Release|Any CPU.Build.0 = Release|Any CPU
		{CE8DC6A7-5721-4CE3-B192-604CA8A47A3A}.Debug|Any CPU.ActiveCfg = Debug|Any CPU
		{CE8DC6A7-5721-4CE3-B192-604CA8A47A3A}.Debug|Any CPU.Build.0 = Debug|Any CPU
		{CE8DC6A7-5721-4CE3-B192-604CA8A47A3A}.Release|Any CPU.ActiveCfg = Release|Any CPU
		{CE8DC6A7-5721-4CE3-B192-604CA8A47A3A}.Release|Any CPU.Build.0 = Release|Any CPU
		{DB14896B-7DE3-4C73-A4EC-D9D36E303BAC}.Debug|Any CPU.ActiveCfg = Debug|Any CPU
		{DB14896B-7DE3-4C73-A4EC-D9D36E303BAC}.Debug|Any CPU.Build.0 = Debug|Any CPU
		{DB14896B-7DE3-4C73-A4EC-D9D36E303BAC}.Release|Any CPU.ActiveCfg = Release|Any CPU
		{DB14896B-7DE3-4C73-A4EC-D9D36E303BAC}.Release|Any CPU.Build.0 = Release|Any CPU
		{5E3BF73E-BEF1-4FE8-95C5-22D339757E65}.Debug|Any CPU.ActiveCfg = Debug|Any CPU
		{5E3BF73E-BEF1-4FE8-95C5-22D339757E65}.Debug|Any CPU.Build.0 = Debug|Any CPU
		{5E3BF73E-BEF1-4FE8-95C5-22D339757E65}.Release|Any CPU.ActiveCfg = Release|Any CPU
		{5E3BF73E-BEF1-4FE8-95C5-22D339757E65}.Release|Any CPU.Build.0 = Release|Any CPU
	EndGlobalSection
	GlobalSection(SolutionProperties) = preSolution
		HideSolutionNode = FALSE
	EndGlobalSection
	GlobalSection(NestedProjects) = preSolution
		{E2AC1F36-53B9-4BCF-A88B-22DC21A1FC1A} = {B7658981-1981-4B1A-BF8E-FCBD3D122604}
		{9226D866-14E2-43C8-A7B5-A255BED7E9B8} = {E2AC1F36-53B9-4BCF-A88B-22DC21A1FC1A}
		{CB85307E-A3EB-4479-831E-1A39C93D407D} = {9226D866-14E2-43C8-A7B5-A255BED7E9B8}
		{4B7FACE8-7F25-4D02-8973-FEB1AED42556} = {62C73365-06A1-4117-9C56-B12D194D8872}
		{C6711EF2-656A-44FD-A8D2-2C22A3A27C06} = {9226D866-14E2-43C8-A7B5-A255BED7E9B8}
		{817E920C-0A49-4545-ACC1-DD9A2BF34EB7} = {9226D866-14E2-43C8-A7B5-A255BED7E9B8}
		{9E0BF858-EF23-47AD-B598-4771B9501392} = {9226D866-14E2-43C8-A7B5-A255BED7E9B8}
		{2E67936B-6125-4E55-9F91-754EF8FC29AC} = {9226D866-14E2-43C8-A7B5-A255BED7E9B8}
		{B4F9A490-2CD0-46FD-ABA1-831E637B4927} = {62C73365-06A1-4117-9C56-B12D194D8872}
		{E0504EB6-0CEF-4BDE-BD77-B5B4853F8EB4} = {E2AC1F36-53B9-4BCF-A88B-22DC21A1FC1A}
		{0A7F183C-45A1-4E61-9B3D-B94EB4FD2B35} = {E0504EB6-0CEF-4BDE-BD77-B5B4853F8EB4}
		{4FCE3927-EEF6-441A-BBC1-8953EB6398B6} = {B7658981-1981-4B1A-BF8E-FCBD3D122604}
		{9A9A8E11-24B1-4300-A489-65B79E960FE1} = {4FCE3927-EEF6-441A-BBC1-8953EB6398B6}
		{5AE568DF-FB38-46ED-83FA-553AE845BB0C} = {4FCE3927-EEF6-441A-BBC1-8953EB6398B6}
		{CE8DC6A7-5721-4CE3-B192-604CA8A47A3A} = {E0504EB6-0CEF-4BDE-BD77-B5B4853F8EB4}
		{DB14896B-7DE3-4C73-A4EC-D9D36E303BAC} = {E0504EB6-0CEF-4BDE-BD77-B5B4853F8EB4}
		{5E3BF73E-BEF1-4FE8-95C5-22D339757E65} = {E0504EB6-0CEF-4BDE-BD77-B5B4853F8EB4}
	EndGlobalSection
	GlobalSection(ExtensibilityGlobals) = postSolution
		SolutionGuid = {DC4BA333-A02A-434F-9225-50490C4F58A2}
	EndGlobalSection
EndGlobal
